
Microsoft Visual Studio Solution File, Format Version 12.00
# Visual Studio 14
VisualStudioVersion = 14.0.25123.0
MinimumVisualStudioVersion = 10.0.40219.1
Project("{8BC9CEB8-8B4A-11D0-8D11-00A0C91BC942}") = "e60_prime_pair_sets", "e60_prime_pair_sets\e60_prime_pair_sets.vcxproj", "{E77D7FE7-00F6-47B5-BF05-6F76F00224C3}"
EndProject
Project("{8BC9CEB8-8B4A-11D0-8D11-00A0C91BC942}") = "e61_cyclical_figurate_numbers", "e61_cyclical_figurate_numbers\e61_cyclical_figurate_numbers.vcxproj", "{7D8A3694-A3E2-4FB0-96B6-9DC4DC6965AC}"
EndProject
Project("{8BC9CEB8-8B4A-11D0-8D11-00A0C91BC942}") = "e62_cubic_permutations", "e62_cubic_permutations\e62_cubic_permutations.vcxproj", "{DED8394E-7B69-4BB2-BAEB-E0C2017B744C}"
EndProject
Global
	GlobalSection(SolutionConfigurationPlatforms) = preSolution
		Debug|x86 = Debug|x86
		Release|x86 = Release|x86
	EndGlobalSection
	GlobalSection(ProjectConfigurationPlatforms) = postSolution
		{E77D7FE7-00F6-47B5-BF05-6F76F00224C3}.Debug|x86.ActiveCfg = Debug|Win32
		{E77D7FE7-00F6-47B5-BF05-6F76F00224C3}.Debug|x86.Build.0 = Debug|Win32
		{E77D7FE7-00F6-47B5-BF05-6F76F00224C3}.Release|x86.ActiveCfg = Release|Win32
		{E77D7FE7-00F6-47B5-BF05-6F76F00224C3}.Release|x86.Build.0 = Release|Win32
		{7D8A3694-A3E2-4FB0-96B6-9DC4DC6965AC}.Debug|x86.ActiveCfg = Debug|Win32
		{7D8A3694-A3E2-4FB0-96B6-9DC4DC6965AC}.Debug|x86.Build.0 = Debug|Win32
		{7D8A3694-A3E2-4FB0-96B6-9DC4DC6965AC}.Release|x86.ActiveCfg = Release|Win32
		{7D8A3694-A3E2-4FB0-96B6-9DC4DC6965AC}.Release|x86.Build.0 = Release|Win32
		{DED8394E-7B69-4BB2-BAEB-E0C2017B744C}.Debug|x86.ActiveCfg = Debug|Win32
		{DED8394E-7B69-4BB2-BAEB-E0C2017B744C}.Debug|x86.Build.0 = Debug|Win32
		{DED8394E-7B69-4BB2-BAEB-E0C2017B744C}.Release|x86.ActiveCfg = Release|Win32
		{DED8394E-7B69-4BB2-BAEB-E0C2017B744C}.Release|x86.Build.0 = Release|Win32
	EndGlobalSection
	GlobalSection(SolutionProperties) = preSolution
		HideSolutionNode = FALSE
	EndGlobalSection
EndGlobal
