
Microsoft Visual Studio Solution File, Format Version 12.00
# Visual Studio 14
VisualStudioVersion = 14.0.25123.0
MinimumVisualStudioVersion = 10.0.40219.1
Project("{8BC9CEB8-8B4A-11D0-8D11-00A0C91BC942}") = "e60_prime_pair_sets", "e60_prime_pair_sets\e60_prime_pair_sets.vcxproj", "{E77D7FE7-00F6-47B5-BF05-6F76F00224C3}"
EndProject
Project("{8BC9CEB8-8B4A-11D0-8D11-00A0C91BC942}") = "e61_cyclical_figurate_numbers", "e61_cyclical_figurate_numbers\e61_cyclical_figurate_numbers.vcxproj", "{7D8A3694-A3E2-4FB0-96B6-9DC4DC6965AC}"
EndProject
Project("{8BC9CEB8-8B4A-11D0-8D11-00A0C91BC942}") = "e62_cubic_permutations", "e62_cubic_permutations\e62_cubic_permutations.vcxproj", "{DED8394E-7B69-4BB2-BAEB-E0C2017B744C}"
EndProject
Project("{8BC9CEB8-8B4A-11D0-8D11-00A0C91BC942}") = "e08_largest_product_In_a_series", "e08_largest_product_In_a_series\e08_largest_product_In_a_series.vcxproj", "{65290A75-C492-41AE-B565-3AC6FB7E8168}"
EndProject
Project("{8BC9CEB8-8B4A-11D0-8D11-00A0C91BC942}") = "e09_special_pythagorean_triplet", "e09_special_pythagorean_triplet\e09_special_pythagorean_triplet.vcxproj", "{F468229F-D990-49C2-83A9-12F33D7EA103}"
EndProject
Project("{8BC9CEB8-8B4A-11D0-8D11-00A0C91BC942}") = "e21_amicable_numbers", "e21_amicable_numbers\e21_amicable_numbers.vcxproj", "{C5FFF133-A433-4192-B91C-CF8826C12643}"
EndProject
Project("{8BC9CEB8-8B4A-11D0-8D11-00A0C91BC942}") = "e58_spiral_primes", "e58_spiral_primes\e58_spiral_primes.vcxproj", "{E28C93AE-ACCC-42BA-893C-96A321D2BC93}"
EndProject
Project("{8BC9CEB8-8B4A-11D0-8D11-00A0C91BC942}") = "e59_xor_decryption", "e59_xor_decryption\e59_xor_decryption.vcxproj", "{C85039B2-D1A1-4510-93A6-4F2493C54B7D}"
EndProject
Project("{8BC9CEB8-8B4A-11D0-8D11-00A0C91BC942}") = "e43_sub_string_divisibility", "e43_sub_string_divisibility\e43_sub_string_divisibility.vcxproj", "{8B050B91-5989-47B2-9303-051E6EF5CA18}"
EndProject
Project("{8BC9CEB8-8B4A-11D0-8D11-00A0C91BC942}") = "e50_consecutive_prime_sum", "e50_consecutive_prime_sum\e50_consecutive_prime_sum.vcxproj", "{E5E95367-8106-4328-9C4A-C13C802325AA}"
EndProject
Project("{8BC9CEB8-8B4A-11D0-8D11-00A0C91BC942}") = "e53_combinatoric_selections", "e53_combinatoric_selections\e53_combinatoric_selections.vcxproj", "{9A653817-4F85-4AB3-B6BA-7E2E3ED4E395}"
EndProject
Project("{8BC9CEB8-8B4A-11D0-8D11-00A0C91BC942}") = "e47_distinct_primes_factors", "e47_distinct_primes_factors\e47_distinct_primes_factors.vcxproj", "{0EF12B79-9BFE-43D4-922C-6FF6790B1AB0}"
EndProject
Project("{8BC9CEB8-8B4A-11D0-8D11-00A0C91BC942}") = "e17_number_letter_counts", "e17_number_letter_counts\e17_number_letter_counts.vcxproj", "{0B45C8E4-8356-45B6-A869-AA3F24EF6FD3}"
EndProject
Project("{8BC9CEB8-8B4A-11D0-8D11-00A0C91BC942}") = "e35_circular_primes", "e35_circular_primes\e35_circular_primes.vcxproj", "{1136ACD9-8734-484B-A4C0-94A767091C73}"
EndProject
Project("{8BC9CEB8-8B4A-11D0-8D11-00A0C91BC942}") = "e56_powerful_digit_sum", "e56_powerful_digit_sum\e56_powerful_digit_sum.vcxproj", "{7744B76B-42AF-4C4B-8360-31540BC4B0C5}"
EndProject
Project("{8BC9CEB8-8B4A-11D0-8D11-00A0C91BC942}") = "e55_lychrel_numbers", "e55_lychrel_numbers\e55_lychrel_numbers.vcxproj", "{D6509BD5-CEB3-4578-A4D7-CB75086D82B0}"
EndProject
Project("{8BC9CEB8-8B4A-11D0-8D11-00A0C91BC942}") = "e18_maximum_path_sum_I", "e18_maximum_path_sum_I\e18_maximum_path_sum_I.vcxproj", "{A7D1E65B-1302-460E-B2AB-0FEC08173926}"
EndProject
Project("{8BC9CEB8-8B4A-11D0-8D11-00A0C91BC942}") = "e67_maximum_path_sum_II", "e67_maximum_path_sum_II\e67_maximum_path_sum_II.vcxproj", "{E7195CC1-503C-4565-8030-AA9626A96DE6}"
EndProject
Project("{8BC9CEB8-8B4A-11D0-8D11-00A0C91BC942}") = "e29_distinct_powers", "e29_distinct_powers\e29_distinct_powers.vcxproj", "{1EB2543F-5E5E-44FA-8BC6-C2E371604D6E}"
EndProject
Project("{8BC9CEB8-8B4A-11D0-8D11-00A0C91BC942}") = "e30_digit_fifth_powers", "e30_digit_fifth_powers\e30_digit_fifth_powers.vcxproj", "{1F2BD8DA-F3FA-429D-BB02-0B57EC1AB0B5}"
EndProject
Project("{8BC9CEB8-8B4A-11D0-8D11-00A0C91BC942}") = "e36_double_base_palindromes", "e36_double_base_palindromes\e36_double_base_palindromes.vcxproj", "{AB396721-FA03-490E-82CF-DDA6D19975E8}"
EndProject
Project("{8BC9CEB8-8B4A-11D0-8D11-00A0C91BC942}") = "e46_goldbachs_other_conjecture", "e46_goldbachs_other_conjecture\e46_goldbachs_other_conjecture.vcxproj", "{20C7BB20-E639-45E9-802E-97EA07F11A0C}"
EndProject
Project("{8BC9CEB8-8B4A-11D0-8D11-00A0C91BC942}") = "e49_prime_permutations", "e49_prime_permutations\e49_prime_permutations.vcxproj", "{CB1BFBC5-0E62-4A34-82C9-96C2F1C869EA}"
EndProject
Project("{8BC9CEB8-8B4A-11D0-8D11-00A0C91BC942}") = "e52_permuted_multiples", "e52_permuted_multiples\e52_permuted_multiples.vcxproj", "{97CB709B-6E33-42B4-9C9F-507A0A9BD94D}"
EndProject
Project("{8BC9CEB8-8B4A-11D0-8D11-00A0C91BC942}") = "e48_self_powers", "e48_self_powers\e48_self_powers.vcxproj", "{29F39A89-2924-4D8F-BD55-42EDA86CD741}"
EndProject
Global
	GlobalSection(SolutionConfigurationPlatforms) = preSolution
		Debug|x64 = Debug|x64
		Debug|x86 = Debug|x86
		Release|x64 = Release|x64
		Release|x86 = Release|x86
	EndGlobalSection
	GlobalSection(ProjectConfigurationPlatforms) = postSolution
		{E77D7FE7-00F6-47B5-BF05-6F76F00224C3}.Debug|x64.ActiveCfg = Debug|Win32
		{E77D7FE7-00F6-47B5-BF05-6F76F00224C3}.Debug|x86.ActiveCfg = Debug|Win32
		{E77D7FE7-00F6-47B5-BF05-6F76F00224C3}.Debug|x86.Build.0 = Debug|Win32
		{E77D7FE7-00F6-47B5-BF05-6F76F00224C3}.Release|x64.ActiveCfg = Release|Win32
		{E77D7FE7-00F6-47B5-BF05-6F76F00224C3}.Release|x86.ActiveCfg = Release|Win32
		{E77D7FE7-00F6-47B5-BF05-6F76F00224C3}.Release|x86.Build.0 = Release|Win32
		{7D8A3694-A3E2-4FB0-96B6-9DC4DC6965AC}.Debug|x64.ActiveCfg = Debug|Win32
		{7D8A3694-A3E2-4FB0-96B6-9DC4DC6965AC}.Debug|x86.ActiveCfg = Debug|Win32
		{7D8A3694-A3E2-4FB0-96B6-9DC4DC6965AC}.Debug|x86.Build.0 = Debug|Win32
		{7D8A3694-A3E2-4FB0-96B6-9DC4DC6965AC}.Release|x64.ActiveCfg = Release|Win32
		{7D8A3694-A3E2-4FB0-96B6-9DC4DC6965AC}.Release|x86.ActiveCfg = Release|Win32
		{7D8A3694-A3E2-4FB0-96B6-9DC4DC6965AC}.Release|x86.Build.0 = Release|Win32
		{DED8394E-7B69-4BB2-BAEB-E0C2017B744C}.Debug|x64.ActiveCfg = Debug|Win32
		{DED8394E-7B69-4BB2-BAEB-E0C2017B744C}.Debug|x86.ActiveCfg = Debug|Win32
		{DED8394E-7B69-4BB2-BAEB-E0C2017B744C}.Debug|x86.Build.0 = Debug|Win32
		{DED8394E-7B69-4BB2-BAEB-E0C2017B744C}.Release|x64.ActiveCfg = Release|Win32
		{DED8394E-7B69-4BB2-BAEB-E0C2017B744C}.Release|x86.ActiveCfg = Release|Win32
		{DED8394E-7B69-4BB2-BAEB-E0C2017B744C}.Release|x86.Build.0 = Release|Win32
		{65290A75-C492-41AE-B565-3AC6FB7E8168}.Debug|x64.ActiveCfg = Debug|x64
		{65290A75-C492-41AE-B565-3AC6FB7E8168}.Debug|x64.Build.0 = Debug|x64
		{65290A75-C492-41AE-B565-3AC6FB7E8168}.Debug|x86.ActiveCfg = Debug|Win32
		{65290A75-C492-41AE-B565-3AC6FB7E8168}.Debug|x86.Build.0 = Debug|Win32
		{65290A75-C492-41AE-B565-3AC6FB7E8168}.Release|x64.ActiveCfg = Release|x64
		{65290A75-C492-41AE-B565-3AC6FB7E8168}.Release|x64.Build.0 = Release|x64
		{65290A75-C492-41AE-B565-3AC6FB7E8168}.Release|x86.ActiveCfg = Release|Win32
		{65290A75-C492-41AE-B565-3AC6FB7E8168}.Release|x86.Build.0 = Release|Win32
		{F468229F-D990-49C2-83A9-12F33D7EA103}.Debug|x64.ActiveCfg = Debug|x64
		{F468229F-D990-49C2-83A9-12F33D7EA103}.Debug|x64.Build.0 = Debug|x64
		{F468229F-D990-49C2-83A9-12F33D7EA103}.Debug|x86.ActiveCfg = Debug|Win32
		{F468229F-D990-49C2-83A9-12F33D7EA103}.Debug|x86.Build.0 = Debug|Win32
		{F468229F-D990-49C2-83A9-12F33D7EA103}.Release|x64.ActiveCfg = Release|x64
		{F468229F-D990-49C2-83A9-12F33D7EA103}.Release|x64.Build.0 = Release|x64
		{F468229F-D990-49C2-83A9-12F33D7EA103}.Release|x86.ActiveCfg = Release|Win32
		{F468229F-D990-49C2-83A9-12F33D7EA103}.Release|x86.Build.0 = Release|Win32
		{C5FFF133-A433-4192-B91C-CF8826C12643}.Debug|x64.ActiveCfg = Debug|x64
		{C5FFF133-A433-4192-B91C-CF8826C12643}.Debug|x64.Build.0 = Debug|x64
		{C5FFF133-A433-4192-B91C-CF8826C12643}.Debug|x86.ActiveCfg = Debug|Win32
		{C5FFF133-A433-4192-B91C-CF8826C12643}.Debug|x86.Build.0 = Debug|Win32
		{C5FFF133-A433-4192-B91C-CF8826C12643}.Release|x64.ActiveCfg = Release|x64
		{C5FFF133-A433-4192-B91C-CF8826C12643}.Release|x64.Build.0 = Release|x64
		{C5FFF133-A433-4192-B91C-CF8826C12643}.Release|x86.ActiveCfg = Release|Win32
		{C5FFF133-A433-4192-B91C-CF8826C12643}.Release|x86.Build.0 = Release|Win32
		{E28C93AE-ACCC-42BA-893C-96A321D2BC93}.Debug|x64.ActiveCfg = Debug|x64
		{E28C93AE-ACCC-42BA-893C-96A321D2BC93}.Debug|x64.Build.0 = Debug|x64
		{E28C93AE-ACCC-42BA-893C-96A321D2BC93}.Debug|x86.ActiveCfg = Debug|Win32
		{E28C93AE-ACCC-42BA-893C-96A321D2BC93}.Debug|x86.Build.0 = Debug|Win32
		{E28C93AE-ACCC-42BA-893C-96A321D2BC93}.Release|x64.ActiveCfg = Release|x64
		{E28C93AE-ACCC-42BA-893C-96A321D2BC93}.Release|x64.Build.0 = Release|x64
		{E28C93AE-ACCC-42BA-893C-96A321D2BC93}.Release|x86.ActiveCfg = Release|Win32
		{E28C93AE-ACCC-42BA-893C-96A321D2BC93}.Release|x86.Build.0 = Release|Win32
		{C85039B2-D1A1-4510-93A6-4F2493C54B7D}.Debug|x64.ActiveCfg = Debug|x64
		{C85039B2-D1A1-4510-93A6-4F2493C54B7D}.Debug|x64.Build.0 = Debug|x64
		{C85039B2-D1A1-4510-93A6-4F2493C54B7D}.Debug|x86.ActiveCfg = Debug|Win32
		{C85039B2-D1A1-4510-93A6-4F2493C54B7D}.Debug|x86.Build.0 = Debug|Win32
		{C85039B2-D1A1-4510-93A6-4F2493C54B7D}.Release|x64.ActiveCfg = Release|x64
		{C85039B2-D1A1-4510-93A6-4F2493C54B7D}.Release|x64.Build.0 = Release|x64
		{C85039B2-D1A1-4510-93A6-4F2493C54B7D}.Release|x86.ActiveCfg = Release|Win32
		{C85039B2-D1A1-4510-93A6-4F2493C54B7D}.Release|x86.Build.0 = Release|Win32
		{8B050B91-5989-47B2-9303-051E6EF5CA18}.Debug|x64.ActiveCfg = Debug|x64
		{8B050B91-5989-47B2-9303-051E6EF5CA18}.Debug|x64.Build.0 = Debug|x64
		{8B050B91-5989-47B2-9303-051E6EF5CA18}.Debug|x86.ActiveCfg = Debug|Win32
		{8B050B91-5989-47B2-9303-051E6EF5CA18}.Debug|x86.Build.0 = Debug|Win32
		{8B050B91-5989-47B2-9303-051E6EF5CA18}.Release|x64.ActiveCfg = Release|x64
		{8B050B91-5989-47B2-9303-051E6EF5CA18}.Release|x64.Build.0 = Release|x64
		{8B050B91-5989-47B2-9303-051E6EF5CA18}.Release|x86.ActiveCfg = Release|Win32
		{8B050B91-5989-47B2-9303-051E6EF5CA18}.Release|x86.Build.0 = Release|Win32
		{E5E95367-8106-4328-9C4A-C13C802325AA}.Debug|x64.ActiveCfg = Debug|x64
		{E5E95367-8106-4328-9C4A-C13C802325AA}.Debug|x64.Build.0 = Debug|x64
		{E5E95367-8106-4328-9C4A-C13C802325AA}.Debug|x86.ActiveCfg = Debug|Win32
		{E5E95367-8106-4328-9C4A-C13C802325AA}.Debug|x86.Build.0 = Debug|Win32
		{E5E95367-8106-4328-9C4A-C13C802325AA}.Release|x64.ActiveCfg = Release|x64
		{E5E95367-8106-4328-9C4A-C13C802325AA}.Release|x64.Build.0 = Release|x64
		{E5E95367-8106-4328-9C4A-C13C802325AA}.Release|x86.ActiveCfg = Release|Win32
		{E5E95367-8106-4328-9C4A-C13C802325AA}.Release|x86.Build.0 = Release|Win32
		{9A653817-4F85-4AB3-B6BA-7E2E3ED4E395}.Debug|x64.ActiveCfg = Debug|x64
		{9A653817-4F85-4AB3-B6BA-7E2E3ED4E395}.Debug|x64.Build.0 = Debug|x64
		{9A653817-4F85-4AB3-B6BA-7E2E3ED4E395}.Debug|x86.ActiveCfg = Debug|Win32
		{9A653817-4F85-4AB3-B6BA-7E2E3ED4E395}.Debug|x86.Build.0 = Debug|Win32
		{9A653817-4F85-4AB3-B6BA-7E2E3ED4E395}.Release|x64.ActiveCfg = Release|x64
		{9A653817-4F85-4AB3-B6BA-7E2E3ED4E395}.Release|x64.Build.0 = Release|x64
		{9A653817-4F85-4AB3-B6BA-7E2E3ED4E395}.Release|x86.ActiveCfg = Release|Win32
		{9A653817-4F85-4AB3-B6BA-7E2E3ED4E395}.Release|x86.Build.0 = Release|Win32
		{0EF12B79-9BFE-43D4-922C-6FF6790B1AB0}.Debug|x64.ActiveCfg = Debug|x64
		{0EF12B79-9BFE-43D4-922C-6FF6790B1AB0}.Debug|x64.Build.0 = Debug|x64
		{0EF12B79-9BFE-43D4-922C-6FF6790B1AB0}.Debug|x86.ActiveCfg = Debug|Win32
		{0EF12B79-9BFE-43D4-922C-6FF6790B1AB0}.Debug|x86.Build.0 = Debug|Win32
		{0EF12B79-9BFE-43D4-922C-6FF6790B1AB0}.Release|x64.ActiveCfg = Release|x64
		{0EF12B79-9BFE-43D4-922C-6FF6790B1AB0}.Release|x64.Build.0 = Release|x64
		{0EF12B79-9BFE-43D4-922C-6FF6790B1AB0}.Release|x86.ActiveCfg = Release|Win32
		{0EF12B79-9BFE-43D4-922C-6FF6790B1AB0}.Release|x86.Build.0 = Release|Win32
		{0B45C8E4-8356-45B6-A869-AA3F24EF6FD3}.Debug|x64.ActiveCfg = Debug|x64
		{0B45C8E4-8356-45B6-A869-AA3F24EF6FD3}.Debug|x64.Build.0 = Debug|x64
		{0B45C8E4-8356-45B6-A869-AA3F24EF6FD3}.Debug|x86.ActiveCfg = Debug|Win32
		{0B45C8E4-8356-45B6-A869-AA3F24EF6FD3}.Debug|x86.Build.0 = Debug|Win32
		{0B45C8E4-8356-45B6-A869-AA3F24EF6FD3}.Release|x64.ActiveCfg = Release|x64
		{0B45C8E4-8356-45B6-A869-AA3F24EF6FD3}.Release|x64.Build.0 = Release|x64
		{0B45C8E4-8356-45B6-A869-AA3F24EF6FD3}.Release|x86.ActiveCfg = Release|Win32
		{0B45C8E4-8356-45B6-A869-AA3F24EF6FD3}.Release|x86.Build.0 = Release|Win32
		{1136ACD9-8734-484B-A4C0-94A767091C73}.Debug|x64.ActiveCfg = Debug|x64
		{1136ACD9-8734-484B-A4C0-94A767091C73}.Debug|x64.Build.0 = Debug|x64
		{1136ACD9-8734-484B-A4C0-94A767091C73}.Debug|x86.ActiveCfg = Debug|Win32
		{1136ACD9-8734-484B-A4C0-94A767091C73}.Debug|x86.Build.0 = Debug|Win32
		{1136ACD9-8734-484B-A4C0-94A767091C73}.Release|x64.ActiveCfg = Release|x64
		{1136ACD9-8734-484B-A4C0-94A767091C73}.Release|x64.Build.0 = Release|x64
		{1136ACD9-8734-484B-A4C0-94A767091C73}.Release|x86.ActiveCfg = Release|Win32
		{1136ACD9-8734-484B-A4C0-94A767091C73}.Release|x86.Build.0 = Release|Win32
		{7744B76B-42AF-4C4B-8360-31540BC4B0C5}.Debug|x64.ActiveCfg = Debug|x64
		{7744B76B-42AF-4C4B-8360-31540BC4B0C5}.Debug|x64.Build.0 = Debug|x64
		{7744B76B-42AF-4C4B-8360-31540BC4B0C5}.Debug|x86.ActiveCfg = Debug|Win32
		{7744B76B-42AF-4C4B-8360-31540BC4B0C5}.Debug|x86.Build.0 = Debug|Win32
		{7744B76B-42AF-4C4B-8360-31540BC4B0C5}.Release|x64.ActiveCfg = Release|x64
		{7744B76B-42AF-4C4B-8360-31540BC4B0C5}.Release|x64.Build.0 = Release|x64
		{7744B76B-42AF-4C4B-8360-31540BC4B0C5}.Release|x86.ActiveCfg = Release|Win32
		{7744B76B-42AF-4C4B-8360-31540BC4B0C5}.Release|x86.Build.0 = Release|Win32
		{D6509BD5-CEB3-4578-A4D7-CB75086D82B0}.Debug|x64.ActiveCfg = Debug|x64
		{D6509BD5-CEB3-4578-A4D7-CB75086D82B0}.Debug|x64.Build.0 = Debug|x64
		{D6509BD5-CEB3-4578-A4D7-CB75086D82B0}.Debug|x86.ActiveCfg = Debug|Win32
		{D6509BD5-CEB3-4578-A4D7-CB75086D82B0}.Debug|x86.Build.0 = Debug|Win32
		{D6509BD5-CEB3-4578-A4D7-CB75086D82B0}.Release|x64.ActiveCfg = Release|x64
		{D6509BD5-CEB3-4578-A4D7-CB75086D82B0}.Release|x64.Build.0 = Release|x64
		{D6509BD5-CEB3-4578-A4D7-CB75086D82B0}.Release|x86.ActiveCfg = Release|Win32
		{D6509BD5-CEB3-4578-A4D7-CB75086D82B0}.Release|x86.Build.0 = Release|Win32
		{A7D1E65B-1302-460E-B2AB-0FEC08173926}.Debug|x64.ActiveCfg = Debug|x64
		{A7D1E65B-1302-460E-B2AB-0FEC08173926}.Debug|x64.Build.0 = Debug|x64
		{A7D1E65B-1302-460E-B2AB-0FEC08173926}.Debug|x86.ActiveCfg = Debug|Win32
		{A7D1E65B-1302-460E-B2AB-0FEC08173926}.Debug|x86.Build.0 = Debug|Win32
		{A7D1E65B-1302-460E-B2AB-0FEC08173926}.Release|x64.ActiveCfg = Release|x64
		{A7D1E65B-1302-460E-B2AB-0FEC08173926}.Release|x64.Build.0 = Release|x64
		{A7D1E65B-1302-460E-B2AB-0FEC08173926}.Release|x86.ActiveCfg = Release|Win32
		{A7D1E65B-1302-460E-B2AB-0FEC08173926}.Release|x86.Build.0 = Release|Win32
		{E7195CC1-503C-4565-8030-AA9626A96DE6}.Debug|x64.ActiveCfg = Debug|x64
		{E7195CC1-503C-4565-8030-AA9626A96DE6}.Debug|x64.Build.0 = Debug|x64
		{E7195CC1-503C-4565-8030-AA9626A96DE6}.Debug|x86.ActiveCfg = Debug|Win32
		{E7195CC1-503C-4565-8030-AA9626A96DE6}.Debug|x86.Build.0 = Debug|Win32
		{E7195CC1-503C-4565-8030-AA9626A96DE6}.Release|x64.ActiveCfg = Release|x64
		{E7195CC1-503C-4565-8030-AA9626A96DE6}.Release|x64.Build.0 = Release|x64
		{E7195CC1-503C-4565-8030-AA9626A96DE6}.Release|x86.ActiveCfg = Release|Win32
		{E7195CC1-503C-4565-8030-AA9626A96DE6}.Release|x86.Build.0 = Release|Win32
		{1EB2543F-5E5E-44FA-8BC6-C2E371604D6E}.Debug|x64.ActiveCfg = Debug|x64
		{1EB2543F-5E5E-44FA-8BC6-C2E371604D6E}.Debug|x64.Build.0 = Debug|x64
		{1EB2543F-5E5E-44FA-8BC6-C2E371604D6E}.Debug|x86.ActiveCfg = Debug|Win32
		{1EB2543F-5E5E-44FA-8BC6-C2E371604D6E}.Debug|x86.Build.0 = Debug|Win32
		{1EB2543F-5E5E-44FA-8BC6-C2E371604D6E}.Release|x64.ActiveCfg = Release|x64
		{1EB2543F-5E5E-44FA-8BC6-C2E371604D6E}.Release|x64.Build.0 = Release|x64
		{1EB2543F-5E5E-44FA-8BC6-C2E371604D6E}.Release|x86.ActiveCfg = Release|Win32
		{1EB2543F-5E5E-44FA-8BC6-C2E371604D6E}.Release|x86.Build.0 = Release|Win32
		{1F2BD8DA-F3FA-429D-BB02-0B57EC1AB0B5}.Debug|x64.ActiveCfg = Debug|x64
		{1F2BD8DA-F3FA-429D-BB02-0B57EC1AB0B5}.Debug|x64.Build.0 = Debug|x64
		{1F2BD8DA-F3FA-429D-BB02-0B57EC1AB0B5}.Debug|x86.ActiveCfg = Debug|Win32
		{1F2BD8DA-F3FA-429D-BB02-0B57EC1AB0B5}.Debug|x86.Build.0 = Debug|Win32
		{1F2BD8DA-F3FA-429D-BB02-0B57EC1AB0B5}.Release|x64.ActiveCfg = Release|x64
		{1F2BD8DA-F3FA-429D-BB02-0B57EC1AB0B5}.Release|x64.Build.0 = Release|x64
		{1F2BD8DA-F3FA-429D-BB02-0B57EC1AB0B5}.Release|x86.ActiveCfg = Release|Win32
		{1F2BD8DA-F3FA-429D-BB02-0B57EC1AB0B5}.Release|x86.Build.0 = Release|Win32
		{AB396721-FA03-490E-82CF-DDA6D19975E8}.Debug|x64.ActiveCfg = Debug|x64
		{AB396721-FA03-490E-82CF-DDA6D19975E8}.Debug|x64.Build.0 = Debug|x64
		{AB396721-FA03-490E-82CF-DDA6D19975E8}.Debug|x86.ActiveCfg = Debug|Win32
		{AB396721-FA03-490E-82CF-DDA6D19975E8}.Debug|x86.Build.0 = Debug|Win32
		{AB396721-FA03-490E-82CF-DDA6D19975E8}.Release|x64.ActiveCfg = Release|x64
		{AB396721-FA03-490E-82CF-DDA6D19975E8}.Release|x64.Build.0 = Release|x64
		{AB396721-FA03-490E-82CF-DDA6D19975E8}.Release|x86.ActiveCfg = Release|Win32
		{AB396721-FA03-490E-82CF-DDA6D19975E8}.Release|x86.Build.0 = Release|Win32
		{20C7BB20-E639-45E9-802E-97EA07F11A0C}.Debug|x64.ActiveCfg = Debug|x64
		{20C7BB20-E639-45E9-802E-97EA07F11A0C}.Debug|x64.Build.0 = Debug|x64
		{20C7BB20-E639-45E9-802E-97EA07F11A0C}.Debug|x86.ActiveCfg = Debug|Win32
		{20C7BB20-E639-45E9-802E-97EA07F11A0C}.Debug|x86.Build.0 = Debug|Win32
		{20C7BB20-E639-45E9-802E-97EA07F11A0C}.Release|x64.ActiveCfg = Release|x64
		{20C7BB20-E639-45E9-802E-97EA07F11A0C}.Release|x64.Build.0 = Release|x64
		{20C7BB20-E639-45E9-802E-97EA07F11A0C}.Release|x86.ActiveCfg = Release|Win32
		{20C7BB20-E639-45E9-802E-97EA07F11A0C}.Release|x86.Build.0 = Release|Win32
		{CB1BFBC5-0E62-4A34-82C9-96C2F1C869EA}.Debug|x64.ActiveCfg = Debug|x64
		{CB1BFBC5-0E62-4A34-82C9-96C2F1C869EA}.Debug|x64.Build.0 = Debug|x64
		{CB1BFBC5-0E62-4A34-82C9-96C2F1C869EA}.Debug|x86.ActiveCfg = Debug|Win32
		{CB1BFBC5-0E62-4A34-82C9-96C2F1C869EA}.Debug|x86.Build.0 = Debug|Win32
		{CB1BFBC5-0E62-4A34-82C9-96C2F1C869EA}.Release|x64.ActiveCfg = Release|x64
		{CB1BFBC5-0E62-4A34-82C9-96C2F1C869EA}.Release|x64.Build.0 = Release|x64
		{CB1BFBC5-0E62-4A34-82C9-96C2F1C869EA}.Release|x86.ActiveCfg = Release|Win32
		{CB1BFBC5-0E62-4A34-82C9-96C2F1C869EA}.Release|x86.Build.0 = Release|Win32
		{97CB709B-6E33-42B4-9C9F-507A0A9BD94D}.Debug|x64.ActiveCfg = Debug|x64
		{97CB709B-6E33-42B4-9C9F-507A0A9BD94D}.Debug|x64.Build.0 = Debug|x64
		{97CB709B-6E33-42B4-9C9F-507A0A9BD94D}.Debug|x86.ActiveCfg = Debug|Win32
		{97CB709B-6E33-42B4-9C9F-507A0A9BD94D}.Debug|x86.Build.0 = Debug|Win32
		{97CB709B-6E33-42B4-9C9F-507A0A9BD94D}.Release|x64.ActiveCfg = Release|x64
		{97CB709B-6E33-42B4-9C9F-507A0A9BD94D}.Release|x64.Build.0 = Release|x64
		{97CB709B-6E33-42B4-9C9F-507A0A9BD94D}.Release|x86.ActiveCfg = Release|Win32
		{97CB709B-6E33-42B4-9C9F-507A0A9BD94D}.Release|x86.Build.0 = Release|Win32
		{29F39A89-2924-4D8F-BD55-42EDA86CD741}.Debug|x64.ActiveCfg = Debug|x64
		{29F39A89-2924-4D8F-BD55-42EDA86CD741}.Debug|x64.Build.0 = Debug|x64
		{29F39A89-2924-4D8F-BD55-42EDA86CD741}.Debug|x86.ActiveCfg = Debug|Win32
		{29F39A89-2924-4D8F-BD55-42EDA86CD741}.Debug|x86.Build.0 = Debug|Win32
		{29F39A89-2924-4D8F-BD55-42EDA86CD741}.Release|x64.ActiveCfg = Release|x64
		{29F39A89-2924-4D8F-BD55-42EDA86CD741}.Release|x64.Build.0 = Release|x64
		{29F39A89-2924-4D8F-BD55-42EDA86CD741}.Release|x86.ActiveCfg = Release|Win32
		{29F39A89-2924-4D8F-BD55-42EDA86CD741}.Release|x86.Build.0 = Release|Win32
	EndGlobalSection
	GlobalSection(SolutionProperties) = preSolution
		HideSolutionNode = FALSE
	EndGlobalSection
EndGlobal
